
Microsoft Visual Studio Solution File, Format Version 12.00
# Visual Studio Version 17
VisualStudioVersion = 17.9.34728.123
MinimumVisualStudioVersion = 10.0.40219.1
Project("{888888A0-9F3D-457C-B088-3A5042F75D52}") = "Onigiri Manager", "Onigiri Manager.pyproj", "{2A66D488-AA52-4B09-813E-1C08532258B6}"
EndProject
Global
	GlobalSection(SolutionConfigurationPlatforms) = preSolution
		Debug|Any CPU = Debug|Any CPU
		Release|Any CPU = Release|Any CPU
	EndGlobalSection
	GlobalSection(ProjectConfigurationPlatforms) = postSolution
		{2A66D488-AA52-4B09-813E-1C08532258B6}.Debug|Any CPU.ActiveCfg = Debug|Any CPU
		{2A66D488-AA52-4B09-813E-1C08532258B6}.Release|Any CPU.ActiveCfg = Release|Any CPU
	EndGlobalSection
	GlobalSection(SolutionProperties) = preSolution
		HideSolutionNode = FALSE
	EndGlobalSection
	GlobalSection(ExtensibilityGlobals) = postSolution
		SolutionGuid = {7C738629-36BA-498B-BC55-5047DF9BD873}
	EndGlobalSection
EndGlobal
